
Microsoft Visual Studio Solution File, Format Version 12.00
# Visual Studio Version 16
VisualStudioVersion = 16.0.30804.86
MinimumVisualStudioVersion = 10.0.40219.1
Project("{FAE04EC0-301F-11D3-BF4B-00C04F79EFBC}") = "Web.Account", "Web.Account\Web.Account.csproj", "{F3F8AEB6-3269-413E-92F3-585F69953FBE}"
EndProject
Global
	GlobalSection(SolutionConfigurationPlatforms) = preSolution
		Debug|Any CPU = Debug|Any CPU
		Release|Any CPU = Release|Any CPU
	EndGlobalSection
	GlobalSection(ProjectConfigurationPlatforms) = postSolution
		{F3F8AEB6-3269-413E-92F3-585F69953FBE}.Debug|Any CPU.ActiveCfg = Debug|Any CPU
		{F3F8AEB6-3269-413E-92F3-585F69953FBE}.Debug|Any CPU.Build.0 = Debug|Any CPU
		{F3F8AEB6-3269-413E-92F3-585F69953FBE}.Release|Any CPU.ActiveCfg = Release|Any CPU
		{F3F8AEB6-3269-413E-92F3-585F69953FBE}.Release|Any CPU.Build.0 = Release|Any CPU
	EndGlobalSection
	GlobalSection(SolutionProperties) = preSolution
		HideSolutionNode = FALSE
	EndGlobalSection
	GlobalSection(ExtensibilityGlobals) = postSolution
		SolutionGuid = {1F94B431-7E17-4323-BD00-696EAB80AB25}
	EndGlobalSection
EndGlobal
